// !$*UTF8*$!
{
	archiveVersion = 1;
	classes = {
	};
	objectVersion = 46;
	objects = {

/* Begin PBXBuildFile section */
		AD472321170A246D00EE3899 /* Uniform.cpp in Sources */ = {isa = PBXBuildFile; fileRef = AD47231F170A246D00EE3899 /* Uniform.cpp */; };
		BC25527D170042B500D3F375 /* ImageUtils.mm in Sources */ = {isa = PBXBuildFile; fileRef = BC25527C170042B500D3F375 /* ImageUtils.mm */; };
		BC887D611701DB0900BABCF8 /* Attrib.cpp in Sources */ = {isa = PBXBuildFile; fileRef = BC887D5F1701DB0800BABCF8 /* Attrib.cpp */; };
		BC887D6617023CD900BABCF8 /* DataType.cpp in Sources */ = {isa = PBXBuildFile; fileRef = BC887D6517023CD900BABCF8 /* DataType.cpp */; };
		BC887D6D1703465100BABCF8 /* TextureCube.cpp in Sources */ = {isa = PBXBuildFile; fileRef = BC887D6B1703465100BABCF8 /* TextureCube.cpp */; };
		BC8BFE8B1703AD9D00A90E6E /* Material.cpp in Sources */ = {isa = PBXBuildFile; fileRef = BC8BFE891703AD9800A90E6E /* Material.cpp */; };
		BC91249F16DFA8B900E7F493 /* dry.cpp in Sources */ = {isa = PBXBuildFile; fileRef = BC91249E16DFA8B900E7F493 /* dry.cpp */; };
		BCD2131D1706FDEB009EF5F5 /* ShaderUtils.mm in Sources */ = {isa = PBXBuildFile; fileRef = BCD2131C1706FDEB009EF5F5 /* ShaderUtils.mm */; };
		BCD9FE4D16F3DA3B00C38D61 /* Vbo.cpp in Sources */ = {isa = PBXBuildFile; fileRef = BCD9FE4B16F3DA3B00C38D61 /* Vbo.cpp */; };
		BCD9FE5016F5258700C38D61 /* Ibo.cpp in Sources */ = {isa = PBXBuildFile; fileRef = BCD9FE4E16F5258600C38D61 /* Ibo.cpp */; };
		BCD9FE5C16F650A900C38D61 /* Time.mm in Sources */ = {isa = PBXBuildFile; fileRef = BCD9FE5B16F650A900C38D61 /* Time.mm */; };
		BCF38C8016ED197100073C11 /* Camera.cpp in Sources */ = {isa = PBXBuildFile; fileRef = BCF38C6116ED197100073C11 /* Camera.cpp */; };
		BCF38C8116ED197100073C11 /* CameraOrthogonal.cpp in Sources */ = {isa = PBXBuildFile; fileRef = BCF38C6316ED197100073C11 /* CameraOrthogonal.cpp */; };
		BCF38C8216ED197100073C11 /* CameraPerspective.cpp in Sources */ = {isa = PBXBuildFile; fileRef = BCF38C6516ED197100073C11 /* CameraPerspective.cpp */; };
		BCF38C8316ED197100073C11 /* Image.cpp in Sources */ = {isa = PBXBuildFile; fileRef = BCF38C6916ED197100073C11 /* Image.cpp */; };
		BCF38C8416ED197100073C11 /* Renderer.cpp in Sources */ = {isa = PBXBuildFile; fileRef = BCF38C6B16ED197100073C11 /* Renderer.cpp */; };
		BCF38C8516ED197100073C11 /* Shader.cpp in Sources */ = {isa = PBXBuildFile; fileRef = BCF38C6D16ED197100073C11 /* Shader.cpp */; };
		BCF38C8716ED197100073C11 /* Texture.cpp in Sources */ = {isa = PBXBuildFile; fileRef = BCF38C7116ED197100073C11 /* Texture.cpp */; };
		BCF38C8816ED197100073C11 /* AppiOS.mm in Sources */ = {isa = PBXBuildFile; fileRef = BCF38C7516ED197100073C11 /* AppiOS.mm */; };
		BCF38C8916ED197100073C11 /* View.mm in Sources */ = {isa = PBXBuildFile; fileRef = BCF38C7816ED197100073C11 /* View.mm */; };
		BCF38C8A16ED197100073C11 /* ViewController.mm in Sources */ = {isa = PBXBuildFile; fileRef = BCF38C7A16ED197100073C11 /* ViewController.mm */; };
		BCF38C8B16ED197100073C11 /* App.cpp in Sources */ = {isa = PBXBuildFile; fileRef = BCF38C7C16ED197100073C11 /* App.cpp */; };
		BCF38C8E16EDD9EA00073C11 /* Fbo.cpp in Sources */ = {isa = PBXBuildFile; fileRef = BCF38C8C16EDD9EA00073C11 /* Fbo.cpp */; };
/* End PBXBuildFile section */

/* Begin PBXCopyFilesBuildPhase section */
		BC6B1F1016D02ED2008B939C /* CopyFiles */ = {
			isa = PBXCopyFilesBuildPhase;
			buildActionMask = 2147483647;
			dstPath = "include/${PRODUCT_NAME}";
			dstSubfolderSpec = 16;
			files = (
			);
			runOnlyForDeploymentPostprocessing = 0;
		};
/* End PBXCopyFilesBuildPhase section */

/* Begin PBXFileReference section */
		AD47231F170A246D00EE3899 /* Uniform.cpp */ = {isa = PBXFileReference; fileEncoding = 4; lastKnownFileType = sourcecode.cpp.cpp; path = Uniform.cpp; sourceTree = "<group>"; };
		AD472320170A246D00EE3899 /* Uniform.h */ = {isa = PBXFileReference; fileEncoding = 4; lastKnownFileType = sourcecode.c.h; path = Uniform.h; sourceTree = "<group>"; };
		BC25527B170042B500D3F375 /* ImageUtils.h */ = {isa = PBXFileReference; fileEncoding = 4; lastKnownFileType = sourcecode.c.h; path = ImageUtils.h; sourceTree = "<group>"; };
		BC25527C170042B500D3F375 /* ImageUtils.mm */ = {isa = PBXFileReference; fileEncoding = 4; lastKnownFileType = sourcecode.cpp.objcpp; path = ImageUtils.mm; sourceTree = "<group>"; };
		BC6B1F1216D02ED2008B939C /* libdryGL-iOS.a */ = {isa = PBXFileReference; explicitFileType = archive.ar; includeInIndex = 0; path = "libdryGL-iOS.a"; sourceTree = BUILT_PRODUCTS_DIR; };
		BC6B217B16D13759008B939C /* dry.h */ = {isa = PBXFileReference; fileEncoding = 4; lastKnownFileType = sourcecode.c.h; path = dry.h; sourceTree = "<group>"; };
		BC6B219A16D13810008B939C /* dry.pch */ = {isa = PBXFileReference; fileEncoding = 4; lastKnownFileType = sourcecode.c.h; path = dry.pch; sourceTree = "<group>"; };
		BC887D5F1701DB0800BABCF8 /* Attrib.cpp */ = {isa = PBXFileReference; fileEncoding = 4; lastKnownFileType = sourcecode.cpp.cpp; path = Attrib.cpp; sourceTree = "<group>"; };
		BC887D601701DB0900BABCF8 /* Attrib.h */ = {isa = PBXFileReference; fileEncoding = 4; lastKnownFileType = sourcecode.c.h; path = Attrib.h; sourceTree = "<group>"; };
		BC887D6317023AA800BABCF8 /* DataType.h */ = {isa = PBXFileReference; fileEncoding = 4; lastKnownFileType = sourcecode.c.h; path = DataType.h; sourceTree = "<group>"; };
		BC887D6417023B3600BABCF8 /* DataTypeEnum.h */ = {isa = PBXFileReference; fileEncoding = 4; lastKnownFileType = sourcecode.c.h; path = DataTypeEnum.h; sourceTree = "<group>"; };
		BC887D6517023CD900BABCF8 /* DataType.cpp */ = {isa = PBXFileReference; fileEncoding = 4; lastKnownFileType = sourcecode.cpp.cpp; path = DataType.cpp; sourceTree = "<group>"; };
		BC887D6B1703465100BABCF8 /* TextureCube.cpp */ = {isa = PBXFileReference; fileEncoding = 4; lastKnownFileType = sourcecode.cpp.cpp; path = TextureCube.cpp; sourceTree = "<group>"; };
		BC887D6C1703465100BABCF8 /* TextureCube.h */ = {isa = PBXFileReference; fileEncoding = 4; lastKnownFileType = sourcecode.c.h; path = TextureCube.h; sourceTree = "<group>"; };
		BC8BFE891703AD9800A90E6E /* Material.cpp */ = {isa = PBXFileReference; fileEncoding = 4; lastKnownFileType = sourcecode.cpp.cpp; path = Material.cpp; sourceTree = "<group>"; };
		BC8BFE8A1703AD9900A90E6E /* Material.h */ = {isa = PBXFileReference; fileEncoding = 4; lastKnownFileType = sourcecode.c.h; path = Material.h; sourceTree = "<group>"; };
		BC91249E16DFA8B900E7F493 /* dry.cpp */ = {isa = PBXFileReference; fileEncoding = 4; lastKnownFileType = sourcecode.cpp.cpp; path = dry.cpp; sourceTree = "<group>"; };
		BC91904B16FA641D00507A00 /* Color.h */ = {isa = PBXFileReference; fileEncoding = 4; lastKnownFileType = sourcecode.c.h; path = Color.h; sourceTree = "<group>"; };
		BCD2131B1706FDEB009EF5F5 /* ShaderUtils.h */ = {isa = PBXFileReference; fileEncoding = 4; lastKnownFileType = sourcecode.c.h; path = ShaderUtils.h; sourceTree = "<group>"; };
		BCD2131C1706FDEB009EF5F5 /* ShaderUtils.mm */ = {isa = PBXFileReference; fileEncoding = 4; lastKnownFileType = sourcecode.cpp.objcpp; path = ShaderUtils.mm; sourceTree = "<group>"; };
		BCD9FE4B16F3DA3B00C38D61 /* Vbo.cpp */ = {isa = PBXFileReference; fileEncoding = 4; lastKnownFileType = sourcecode.cpp.cpp; path = Vbo.cpp; sourceTree = "<group>"; };
		BCD9FE4C16F3DA3B00C38D61 /* Vbo.h */ = {isa = PBXFileReference; fileEncoding = 4; lastKnownFileType = sourcecode.c.h; path = Vbo.h; sourceTree = "<group>"; };
		BCD9FE4E16F5258600C38D61 /* Ibo.cpp */ = {isa = PBXFileReference; fileEncoding = 4; lastKnownFileType = sourcecode.cpp.cpp; path = Ibo.cpp; sourceTree = "<group>"; };
		BCD9FE4F16F5258700C38D61 /* Ibo.h */ = {isa = PBXFileReference; fileEncoding = 4; lastKnownFileType = sourcecode.c.h; path = Ibo.h; sourceTree = "<group>"; };
		BCD9FE5B16F650A900C38D61 /* Time.mm */ = {isa = PBXFileReference; fileEncoding = 4; lastKnownFileType = sourcecode.cpp.objcpp; path = Time.mm; sourceTree = "<group>"; };
		BCF38C6116ED197100073C11 /* Camera.cpp */ = {isa = PBXFileReference; fileEncoding = 4; lastKnownFileType = sourcecode.cpp.cpp; path = Camera.cpp; sourceTree = "<group>"; };
		BCF38C6216ED197100073C11 /* Camera.h */ = {isa = PBXFileReference; fileEncoding = 4; lastKnownFileType = sourcecode.c.h; path = Camera.h; sourceTree = "<group>"; };
		BCF38C6316ED197100073C11 /* CameraOrthogonal.cpp */ = {isa = PBXFileReference; fileEncoding = 4; lastKnownFileType = sourcecode.cpp.cpp; path = CameraOrthogonal.cpp; sourceTree = "<group>"; };
		BCF38C6416ED197100073C11 /* CameraOrthogonal.h */ = {isa = PBXFileReference; fileEncoding = 4; lastKnownFileType = sourcecode.c.h; path = CameraOrthogonal.h; sourceTree = "<group>"; };
		BCF38C6516ED197100073C11 /* CameraPerspective.cpp */ = {isa = PBXFileReference; fileEncoding = 4; lastKnownFileType = sourcecode.cpp.cpp; path = CameraPerspective.cpp; sourceTree = "<group>"; };
		BCF38C6616ED197100073C11 /* CameraPerspective.h */ = {isa = PBXFileReference; fileEncoding = 4; lastKnownFileType = sourcecode.c.h; path = CameraPerspective.h; sourceTree = "<group>"; };
		BCF38C6916ED197100073C11 /* Image.cpp */ = {isa = PBXFileReference; fileEncoding = 4; lastKnownFileType = sourcecode.cpp.cpp; path = Image.cpp; sourceTree = "<group>"; };
		BCF38C6A16ED197100073C11 /* Image.h */ = {isa = PBXFileReference; fileEncoding = 4; lastKnownFileType = sourcecode.c.h; path = Image.h; sourceTree = "<group>"; };
		BCF38C6B16ED197100073C11 /* Renderer.cpp */ = {isa = PBXFileReference; fileEncoding = 4; lastKnownFileType = sourcecode.cpp.cpp; path = Renderer.cpp; sourceTree = "<group>"; };
		BCF38C6C16ED197100073C11 /* Renderer.h */ = {isa = PBXFileReference; fileEncoding = 4; lastKnownFileType = sourcecode.c.h; path = Renderer.h; sourceTree = "<group>"; };
		BCF38C6D16ED197100073C11 /* Shader.cpp */ = {isa = PBXFileReference; fileEncoding = 4; lastKnownFileType = sourcecode.cpp.cpp; path = Shader.cpp; sourceTree = "<group>"; };
		BCF38C6E16ED197100073C11 /* Shader.h */ = {isa = PBXFileReference; fileEncoding = 4; lastKnownFileType = sourcecode.c.h; path = Shader.h; sourceTree = "<group>"; };
		BCF38C7116ED197100073C11 /* Texture.cpp */ = {isa = PBXFileReference; fileEncoding = 4; lastKnownFileType = sourcecode.cpp.cpp; path = Texture.cpp; sourceTree = "<group>"; };
		BCF38C7216ED197100073C11 /* Texture.h */ = {isa = PBXFileReference; fileEncoding = 4; lastKnownFileType = sourcecode.c.h; path = Texture.h; sourceTree = "<group>"; };
		BCF38C7416ED197100073C11 /* AppiOS.h */ = {isa = PBXFileReference; fileEncoding = 4; lastKnownFileType = sourcecode.c.h; path = AppiOS.h; sourceTree = "<group>"; };
		BCF38C7516ED197100073C11 /* AppiOS.mm */ = {isa = PBXFileReference; fileEncoding = 4; lastKnownFileType = sourcecode.cpp.objcpp; path = AppiOS.mm; sourceTree = "<group>"; };
		BCF38C7616ED197100073C11 /* dry.h */ = {isa = PBXFileReference; fileEncoding = 4; lastKnownFileType = sourcecode.c.h; path = dry.h; sourceTree = "<group>"; };
		BCF38C7716ED197100073C11 /* View.h */ = {isa = PBXFileReference; fileEncoding = 4; lastKnownFileType = sourcecode.c.h; path = View.h; sourceTree = "<group>"; };
		BCF38C7816ED197100073C11 /* View.mm */ = {isa = PBXFileReference; fileEncoding = 4; lastKnownFileType = sourcecode.cpp.objcpp; path = View.mm; sourceTree = "<group>"; };
		BCF38C7916ED197100073C11 /* ViewController.h */ = {isa = PBXFileReference; fileEncoding = 4; lastKnownFileType = sourcecode.c.h; path = ViewController.h; sourceTree = "<group>"; };
		BCF38C7A16ED197100073C11 /* ViewController.mm */ = {isa = PBXFileReference; fileEncoding = 4; lastKnownFileType = sourcecode.cpp.objcpp; path = ViewController.mm; sourceTree = "<group>"; };
		BCF38C7C16ED197100073C11 /* App.cpp */ = {isa = PBXFileReference; fileEncoding = 4; lastKnownFileType = sourcecode.cpp.cpp; path = App.cpp; sourceTree = "<group>"; };
		BCF38C7D16ED197100073C11 /* App.h */ = {isa = PBXFileReference; fileEncoding = 4; lastKnownFileType = sourcecode.c.h; path = App.h; sourceTree = "<group>"; };
		BCF38C7E16ED197100073C11 /* Random.h */ = {isa = PBXFileReference; fileEncoding = 4; lastKnownFileType = sourcecode.c.h; path = Random.h; sourceTree = "<group>"; };
		BCF38C7F16ED197100073C11 /* Timer.h */ = {isa = PBXFileReference; fileEncoding = 4; lastKnownFileType = sourcecode.c.h; path = Timer.h; sourceTree = "<group>"; };
		BCF38C8C16EDD9EA00073C11 /* Fbo.cpp */ = {isa = PBXFileReference; fileEncoding = 4; lastKnownFileType = sourcecode.cpp.cpp; path = Fbo.cpp; sourceTree = "<group>"; };
		BCF38C8D16EDD9EA00073C11 /* Fbo.h */ = {isa = PBXFileReference; fileEncoding = 4; lastKnownFileType = sourcecode.c.h; path = Fbo.h; sourceTree = "<group>"; };
/* End PBXFileReference section */

/* Begin PBXFrameworksBuildPhase section */
		BC6B1F0F16D02ED2008B939C /* Frameworks */ = {
			isa = PBXFrameworksBuildPhase;
			buildActionMask = 2147483647;
			files = (
			);
			runOnlyForDeploymentPostprocessing = 0;
		};
/* End PBXFrameworksBuildPhase section */

/* Begin PBXGroup section */
		BC6B1F0716D02ED2008B939C = {
			isa = PBXGroup;
			children = (
				BC6B217A16D13759008B939C /* src */,
				BC6B1F1316D02ED2008B939C /* Products */,
			);
			sourceTree = "<group>";
		};
		BC6B1F1316D02ED2008B939C /* Products */ = {
			isa = PBXGroup;
			children = (
				BC6B1F1216D02ED2008B939C /* libdryGL-iOS.a */,
			);
			name = Products;
			sourceTree = "<group>";
		};
		BC6B217A16D13759008B939C /* src */ = {
			isa = PBXGroup;
			children = (
				BC6B219A16D13810008B939C /* dry.pch */,
				BC91249E16DFA8B900E7F493 /* dry.cpp */,
				BC6B217B16D13759008B939C /* dry.h */,
				BCF38C7316ED197100073C11 /* ios */,
				BCF38C7B16ED197100073C11 /* system */,
				BCF38C6716ED197100073C11 /* graphics */,
				BCF38C6016ED197100073C11 /* camera */,
			);
			name = src;
			sourceTree = "<group>";
		};
		BCF38C6016ED197100073C11 /* camera */ = {
			isa = PBXGroup;
			children = (
				BCF38C6116ED197100073C11 /* Camera.cpp */,
				BCF38C6216ED197100073C11 /* Camera.h */,
				BCF38C6316ED197100073C11 /* CameraOrthogonal.cpp */,
				BCF38C6416ED197100073C11 /* CameraOrthogonal.h */,
				BCF38C6516ED197100073C11 /* CameraPerspective.cpp */,
				BCF38C6616ED197100073C11 /* CameraPerspective.h */,
			);
			path = camera;
			sourceTree = "<group>";
		};
		BCF38C6716ED197100073C11 /* graphics */ = {
			isa = PBXGroup;
			children = (
				BCF38C6B16ED197100073C11 /* Renderer.cpp */,
				BCF38C6C16ED197100073C11 /* Renderer.h */,
				BCF38C6916ED197100073C11 /* Image.cpp */,
				BCF38C6A16ED197100073C11 /* Image.h */,
				BCF38C7116ED197100073C11 /* Texture.cpp */,
				BCF38C7216ED197100073C11 /* Texture.h */,
				BC887D6B1703465100BABCF8 /* TextureCube.cpp */,
				BC887D6C1703465100BABCF8 /* TextureCube.h */,
				BCF38C8C16EDD9EA00073C11 /* Fbo.cpp */,
				BCF38C8D16EDD9EA00073C11 /* Fbo.h */,
				BCD9FE4B16F3DA3B00C38D61 /* Vbo.cpp */,
				BCD9FE4C16F3DA3B00C38D61 /* Vbo.h */,
				BCD9FE4E16F5258600C38D61 /* Ibo.cpp */,
				BCD9FE4F16F5258700C38D61 /* Ibo.h */,
				BCF38C6D16ED197100073C11 /* Shader.cpp */,
				BCF38C6E16ED197100073C11 /* Shader.h */,
				AD47231F170A246D00EE3899 /* Uniform.cpp */,
				AD472320170A246D00EE3899 /* Uniform.h */,
				BC887D5F1701DB0800BABCF8 /* Attrib.cpp */,
				BC887D601701DB0900BABCF8 /* Attrib.h */,
				BC8BFE891703AD9800A90E6E /* Material.cpp */,
				BC8BFE8A1703AD9900A90E6E /* Material.h */,
			);
			path = graphics;
			sourceTree = "<group>";
		};
		BCF38C7316ED197100073C11 /* ios */ = {
			isa = PBXGroup;
			children = (
				BCF38C7616ED197100073C11 /* dry.h */,
				BCF38C7416ED197100073C11 /* AppiOS.h */,
				BCF38C7516ED197100073C11 /* AppiOS.mm */,
				BCF38C7716ED197100073C11 /* View.h */,
				BCF38C7816ED197100073C11 /* View.mm */,
				BCF38C7916ED197100073C11 /* ViewController.h */,
				BCF38C7A16ED197100073C11 /* ViewController.mm */,
				BCD9FE5B16F650A900C38D61 /* Time.mm */,
				BC25527B170042B500D3F375 /* ImageUtils.h */,
				BC25527C170042B500D3F375 /* ImageUtils.mm */,
				BCD2131B1706FDEB009EF5F5 /* ShaderUtils.h */,
				BCD2131C1706FDEB009EF5F5 /* ShaderUtils.mm */,
			);
			path = ios;
			sourceTree = "<group>";
		};
		BCF38C7B16ED197100073C11 /* system */ = {
			isa = PBXGroup;
			children = (
				BCF38C7F16ED197100073C11 /* Timer.h */,
				BCF38C7E16ED197100073C11 /* Random.h */,
				BC91904B16FA641D00507A00 /* Color.h */,
				BC887D6517023CD900BABCF8 /* DataType.cpp */,
				BC887D6317023AA800BABCF8 /* DataType.h */,
				BC887D6417023B3600BABCF8 /* DataTypeEnum.h */,
				BCF38C7C16ED197100073C11 /* App.cpp */,
				BCF38C7D16ED197100073C11 /* App.h */,
			);
			path = system;
			sourceTree = "<group>";
		};
/* End PBXGroup section */

/* Begin PBXNativeTarget section */
		BC6B1F1116D02ED2008B939C /* dryGL-iOS */ = {
			isa = PBXNativeTarget;
			buildConfigurationList = BC6B1F2016D02ED2008B939C /* Build configuration list for PBXNativeTarget "dryGL-iOS" */;
			buildPhases = (
				BC6B1F0E16D02ED2008B939C /* Sources */,
				BC6B1F0F16D02ED2008B939C /* Frameworks */,
				BC6B1F1016D02ED2008B939C /* CopyFiles */,
			);
			buildRules = (
			);
			dependencies = (
			);
			name = "dryGL-iOS";
			productName = dryGL;
			productReference = BC6B1F1216D02ED2008B939C /* libdryGL-iOS.a */;
			productType = "com.apple.product-type.library.static";
		};
/* End PBXNativeTarget section */

/* Begin PBXProject section */
		BC6B1F0916D02ED2008B939C /* Project object */ = {
			isa = PBXProject;
			attributes = {
				LastUpgradeCheck = 0450;
				ORGANIZATIONNAME = "Jordi Ros";
			};
			buildConfigurationList = BC6B1F0C16D02ED2008B939C /* Build configuration list for PBXProject "dryGL-iOS" */;
			compatibilityVersion = "Xcode 3.2";
			developmentRegion = English;
			hasScannedForEncodings = 0;
			knownRegions = (
				en,
			);
			mainGroup = BC6B1F0716D02ED2008B939C;
			productRefGroup = BC6B1F1316D02ED2008B939C /* Products */;
			projectDirPath = "";
			projectRoot = "";
			targets = (
				BC6B1F1116D02ED2008B939C /* dryGL-iOS */,
			);
		};
/* End PBXProject section */

/* Begin PBXSourcesBuildPhase section */
		BC6B1F0E16D02ED2008B939C /* Sources */ = {
			isa = PBXSourcesBuildPhase;
			buildActionMask = 2147483647;
			files = (
				BC91249F16DFA8B900E7F493 /* dry.cpp in Sources */,
				BCF38C8016ED197100073C11 /* Camera.cpp in Sources */,
				BCF38C8116ED197100073C11 /* CameraOrthogonal.cpp in Sources */,
				BCF38C8216ED197100073C11 /* CameraPerspective.cpp in Sources */,
				BCF38C8316ED197100073C11 /* Image.cpp in Sources */,
				BCF38C8416ED197100073C11 /* Renderer.cpp in Sources */,
				BCF38C8516ED197100073C11 /* Shader.cpp in Sources */,
				BCF38C8716ED197100073C11 /* Texture.cpp in Sources */,
				BCF38C8816ED197100073C11 /* AppiOS.mm in Sources */,
				BCF38C8916ED197100073C11 /* View.mm in Sources */,
				BCF38C8A16ED197100073C11 /* ViewController.mm in Sources */,
				BCF38C8B16ED197100073C11 /* App.cpp in Sources */,
				BCF38C8E16EDD9EA00073C11 /* Fbo.cpp in Sources */,
				BCD9FE4D16F3DA3B00C38D61 /* Vbo.cpp in Sources */,
				BCD9FE5016F5258700C38D61 /* Ibo.cpp in Sources */,
				BCD9FE5C16F650A900C38D61 /* Time.mm in Sources */,
				BC25527D170042B500D3F375 /* ImageUtils.mm in Sources */,
				BC887D611701DB0900BABCF8 /* Attrib.cpp in Sources */,
				BC887D6617023CD900BABCF8 /* DataType.cpp in Sources */,
				BC887D6D1703465100BABCF8 /* TextureCube.cpp in Sources */,
				BC8BFE8B1703AD9D00A90E6E /* Material.cpp in Sources */,
				BCD2131D1706FDEB009EF5F5 /* ShaderUtils.mm in Sources */,
				AD472321170A246D00EE3899 /* Uniform.cpp in Sources */,
			);
			runOnlyForDeploymentPostprocessing = 0;
		};
/* End PBXSourcesBuildPhase section */

/* Begin XCBuildConfiguration section */
		BC6B1F1E16D02ED2008B939C /* Debug */ = {
			isa = XCBuildConfiguration;
			buildSettings = {
				ALWAYS_SEARCH_USER_PATHS = NO;
				CLANG_CXX_LANGUAGE_STANDARD = "gnu++0x";
				CLANG_CXX_LIBRARY = "compiler-default";
				CLANG_WARN_EMPTY_BODY = YES;
				CLANG_WARN__DUPLICATE_METHOD_MATCH = YES;
				COPY_PHASE_STRIP = NO;
				GCC_C_LANGUAGE_STANDARD = gnu99;
				GCC_DYNAMIC_NO_PIC = NO;
				GCC_OPTIMIZATION_LEVEL = 0;
				GCC_PREPROCESSOR_DEFINITIONS = (
					"DEBUG=1",
					"$(inherited)",
				);
				GCC_SYMBOLS_PRIVATE_EXTERN = NO;
				GCC_WARN_ABOUT_RETURN_TYPE = YES;
				GCC_WARN_UNINITIALIZED_AUTOS = YES;
				GCC_WARN_UNUSED_VARIABLE = YES;
				HEADER_SEARCH_PATHS = (
					../src,
					../libs,
				);
				IPHONEOS_DEPLOYMENT_TARGET = 6.0;
				SDKROOT = iphoneos;
			};
			name = Debug;
		};
		BC6B1F1F16D02ED2008B939C /* Release */ = {
			isa = XCBuildConfiguration;
			buildSettings = {
				ALWAYS_SEARCH_USER_PATHS = NO;
				CLANG_CXX_LANGUAGE_STANDARD = "gnu++0x";
				CLANG_CXX_LIBRARY = "compiler-default";
				CLANG_WARN_EMPTY_BODY = YES;
				CLANG_WARN__DUPLICATE_METHOD_MATCH = YES;
				COPY_PHASE_STRIP = YES;
				GCC_C_LANGUAGE_STANDARD = gnu99;
				GCC_WARN_ABOUT_RETURN_TYPE = YES;
				GCC_WARN_UNINITIALIZED_AUTOS = YES;
				GCC_WARN_UNUSED_VARIABLE = YES;
				HEADER_SEARCH_PATHS = (
					../src,
					../libs,
				);
				IPHONEOS_DEPLOYMENT_TARGET = 6.0;
				SDKROOT = iphoneos;
				VALIDATE_PRODUCT = YES;
			};
			name = Release;
		};
		BC6B1F2116D02ED2008B939C /* Debug */ = {
			isa = XCBuildConfiguration;
			buildSettings = {
				CLANG_CXX_LIBRARY = "compiler-default";
				DSTROOT = /tmp/dryGL.dst;
				GCC_PRECOMPILE_PREFIX_HEADER = YES;
				GCC_PREFIX_HEADER = dry.pch;
				HEADER_SEARCH_PATHS = ../libs;
				LIBRARY_SEARCH_PATHS = "$(inherited)";
				OTHER_LDFLAGS = "-ObjC";
				PRODUCT_NAME = "dryGL-iOS";
				SKIP_INSTALL = YES;
			};
			name = Debug;
		};
		BC6B1F2216D02ED2008B939C /* Release */ = {
			isa = XCBuildConfiguration;
			buildSettings = {
				CLANG_CXX_LIBRARY = "compiler-default";
				DSTROOT = /tmp/dryGL.dst;
				GCC_PRECOMPILE_PREFIX_HEADER = YES;
				GCC_PREFIX_HEADER = dry.pch;
				HEADER_SEARCH_PATHS = ../libs;
				LIBRARY_SEARCH_PATHS = "$(inherited)";
				OTHER_LDFLAGS = "-ObjC";
				PRODUCT_NAME = "dryGL-iOS";
				SKIP_INSTALL = YES;
			};
			name = Release;
		};
/* End XCBuildConfiguration section */

/* Begin XCConfigurationList section */
		BC6B1F0C16D02ED2008B939C /* Build configuration list for PBXProject "dryGL-iOS" */ = {
			isa = XCConfigurationList;
			buildConfigurations = (
				BC6B1F1E16D02ED2008B939C /* Debug */,
				BC6B1F1F16D02ED2008B939C /* Release */,
			);
			defaultConfigurationIsVisible = 0;
			defaultConfigurationName = Release;
		};
		BC6B1F2016D02ED2008B939C /* Build configuration list for PBXNativeTarget "dryGL-iOS" */ = {
			isa = XCConfigurationList;
			buildConfigurations = (
				BC6B1F2116D02ED2008B939C /* Debug */,
				BC6B1F2216D02ED2008B939C /* Release */,
			);
			defaultConfigurationIsVisible = 0;
			defaultConfigurationName = Release;
		};
/* End XCConfigurationList section */
	};
	rootObject = BC6B1F0916D02ED2008B939C /* Project object */;
}
